// !$*UTF8*$!
{
	archiveVersion = 1;
	classes = {
	};
	objectVersion = 46;
	objects = {

/* Begin PBXBuildFile section */
		69386F641B5F89C600F0DB47 /* main.m in Sources */ = {isa = PBXBuildFile; fileRef = 69386F631B5F89C600F0DB47 /* main.m */; };
		69386F671B5F89C600F0DB47 /* AppDelegate.m in Sources */ = {isa = PBXBuildFile; fileRef = 69386F661B5F89C600F0DB47 /* AppDelegate.m */; };
		69386F6A1B5F89C600F0DB47 /* ViewController.m in Sources */ = {isa = PBXBuildFile; fileRef = 69386F691B5F89C600F0DB47 /* ViewController.m */; };
		69386F6D1B5F89C700F0DB47 /* Main.storyboard in Resources */ = {isa = PBXBuildFile; fileRef = 69386F6B1B5F89C700F0DB47 /* Main.storyboard */; };
		69386F6F1B5F89C700F0DB47 /* Images.xcassets in Resources */ = {isa = PBXBuildFile; fileRef = 69386F6E1B5F89C700F0DB47 /* Images.xcassets */; };
		69386F721B5F89C700F0DB47 /* LaunchScreen.xib in Resources */ = {isa = PBXBuildFile; fileRef = 69386F701B5F89C700F0DB47 /* LaunchScreen.xib */; };
		69386F7E1B5F89C700F0DB47 /* PaymentGatewayTests.m in Sources */ = {isa = PBXBuildFile; fileRef = 69386F7D1B5F89C700F0DB47 /* PaymentGatewayTests.m */; };
/* End PBXBuildFile section */

/* Begin PBXContainerItemProxy section */
		69386F781B5F89C700F0DB47 /* PBXContainerItemProxy */ = {
			isa = PBXContainerItemProxy;
			containerPortal = 69386F561B5F89C600F0DB47 /* Project object */;
			proxyType = 1;
			remoteGlobalIDString = 69386F5D1B5F89C600F0DB47;
			remoteInfo = PaymentGateway;
		};
/* End PBXContainerItemProxy section */

/* Begin PBXFileReference section */
		69386F5E1B5F89C600F0DB47 /* PaymentGateway.app */ = {isa = PBXFileReference; explicitFileType = wrapper.application; includeInIndex = 0; path = PaymentGateway.app; sourceTree = BUILT_PRODUCTS_DIR; };
		69386F621B5F89C600F0DB47 /* Info.plist */ = {isa = PBXFileReference; lastKnownFileType = text.plist.xml; path = Info.plist; sourceTree = "<group>"; };
		69386F631B5F89C600F0DB47 /* main.m */ = {isa = PBXFileReference; lastKnownFileType = sourcecode.c.objc; path = main.m; sourceTree = "<group>"; };
		69386F651B5F89C600F0DB47 /* AppDelegate.h */ = {isa = PBXFileReference; lastKnownFileType = sourcecode.c.h; path = AppDelegate.h; sourceTree = "<group>"; };
		69386F661B5F89C600F0DB47 /* AppDelegate.m */ = {isa = PBXFileReference; lastKnownFileType = sourcecode.c.objc; path = AppDelegate.m; sourceTree = "<group>"; };
		69386F681B5F89C600F0DB47 /* ViewController.h */ = {isa = PBXFileReference; lastKnownFileType = sourcecode.c.h; path = ViewController.h; sourceTree = "<group>"; };
		69386F691B5F89C600F0DB47 /* ViewController.m */ = {isa = PBXFileReference; lastKnownFileType = sourcecode.c.objc; path = ViewController.m; sourceTree = "<group>"; };
		69386F6C1B5F89C700F0DB47 /* Base */ = {isa = PBXFileReference; lastKnownFileType = file.storyboard; name = Base; path = Base.lproj/Main.storyboard; sourceTree = "<group>"; };
		69386F6E1B5F89C700F0DB47 /* Images.xcassets */ = {isa = PBXFileReference; lastKnownFileType = folder.assetcatalog; path = Images.xcassets; sourceTree = "<group>"; };
		69386F711B5F89C700F0DB47 /* Base */ = {isa = PBXFileReference; lastKnownFileType = file.xib; name = Base; path = Base.lproj/LaunchScreen.xib; sourceTree = "<group>"; };
		69386F771B5F89C700F0DB47 /* PaymentGatewayTests.xctest */ = {isa = PBXFileReference; explicitFileType = wrapper.cfbundle; includeInIndex = 0; path = PaymentGatewayTests.xctest; sourceTree = BUILT_PRODUCTS_DIR; };
		69386F7C1B5F89C700F0DB47 /* Info.plist */ = {isa = PBXFileReference; lastKnownFileType = text.plist.xml; path = Info.plist; sourceTree = "<group>"; };
		69386F7D1B5F89C700F0DB47 /* PaymentGatewayTests.m */ = {isa = PBXFileReference; lastKnownFileType = sourcecode.c.objc; path = PaymentGatewayTests.m; sourceTree = "<group>"; };
/* End PBXFileReference section */

/* Begin PBXFrameworksBuildPhase section */
		69386F5B1B5F89C600F0DB47 /* Frameworks */ = {
			isa = PBXFrameworksBuildPhase;
			buildActionMask = 2147483647;
			files = (
			);
			runOnlyForDeploymentPostprocessing = 0;
		};
		69386F741B5F89C700F0DB47 /* Frameworks */ = {
			isa = PBXFrameworksBuildPhase;
			buildActionMask = 2147483647;
			files = (
			);
			runOnlyForDeploymentPostprocessing = 0;
		};
/* End PBXFrameworksBuildPhase section */

/* Begin PBXGroup section */
		69386F551B5F89C600F0DB47 = {
			isa = PBXGroup;
			children = (
				69386F601B5F89C600F0DB47 /* PaymentGateway */,
				69386F7A1B5F89C700F0DB47 /* PaymentGatewayTests */,
				69386F5F1B5F89C600F0DB47 /* Products */,
			);
			sourceTree = "<group>";
		};
		69386F5F1B5F89C600F0DB47 /* Products */ = {
			isa = PBXGroup;
			children = (
				69386F5E1B5F89C600F0DB47 /* PaymentGateway.app */,
				69386F771B5F89C700F0DB47 /* PaymentGatewayTests.xctest */,
			);
			name = Products;
			sourceTree = "<group>";
		};
		69386F601B5F89C600F0DB47 /* PaymentGateway */ = {
			isa = PBXGroup;
			children = (
				69386F651B5F89C600F0DB47 /* AppDelegate.h */,
				69386F661B5F89C600F0DB47 /* AppDelegate.m */,
				69386F681B5F89C600F0DB47 /* ViewController.h */,
				69386F691B5F89C600F0DB47 /* ViewController.m */,
				69386F6B1B5F89C700F0DB47 /* Main.storyboard */,
				69386F6E1B5F89C700F0DB47 /* Images.xcassets */,
				69386F701B5F89C700F0DB47 /* LaunchScreen.xib */,
				69386F611B5F89C600F0DB47 /* Supporting Files */,
			);
			path = PaymentGateway;
			sourceTree = "<group>";
		};
		69386F611B5F89C600F0DB47 /* Supporting Files */ = {
			isa = PBXGroup;
			children = (
				69386F621B5F89C600F0DB47 /* Info.plist */,
				69386F631B5F89C600F0DB47 /* main.m */,
			);
			name = "Supporting Files";
			sourceTree = "<group>";
		};
		69386F7A1B5F89C700F0DB47 /* PaymentGatewayTests */ = {
			isa = PBXGroup;
			children = (
				69386F7D1B5F89C700F0DB47 /* PaymentGatewayTests.m */,
				69386F7B1B5F89C700F0DB47 /* Supporting Files */,
			);
			path = PaymentGatewayTests;
			sourceTree = "<group>";
		};
		69386F7B1B5F89C700F0DB47 /* Supporting Files */ = {
			isa = PBXGroup;
			children = (
				69386F7C1B5F89C700F0DB47 /* Info.plist */,
			);
			name = "Supporting Files";
			sourceTree = "<group>";
		};
/* End PBXGroup section */

/* Begin PBXNativeTarget section */
		69386F5D1B5F89C600F0DB47 /* PaymentGateway */ = {
			isa = PBXNativeTarget;
			buildConfigurationList = 69386F811B5F89C700F0DB47 /* Build configuration list for PBXNativeTarget "PaymentGateway" */;
			buildPhases = (
				69386F5A1B5F89C600F0DB47 /* Sources */,
				69386F5B1B5F89C600F0DB47 /* Frameworks */,
				69386F5C1B5F89C600F0DB47 /* Resources */,
			);
			buildRules = (
			);
			dependencies = (
			);
			name = PaymentGateway;
			productName = PaymentGateway;
			productReference = 69386F5E1B5F89C600F0DB47 /* PaymentGateway.app */;
			productType = "com.apple.product-type.application";
		};
		69386F761B5F89C700F0DB47 /* PaymentGatewayTests */ = {
			isa = PBXNativeTarget;
			buildConfigurationList = 69386F841B5F89C700F0DB47 /* Build configuration list for PBXNativeTarget "PaymentGatewayTests" */;
			buildPhases = (
				69386F731B5F89C700F0DB47 /* Sources */,
				69386F741B5F89C700F0DB47 /* Frameworks */,
				69386F751B5F89C700F0DB47 /* Resources */,
			);
			buildRules = (
			);
			dependencies = (
				69386F791B5F89C700F0DB47 /* PBXTargetDependency */,
			);
			name = PaymentGatewayTests;
			productName = PaymentGatewayTests;
			productReference = 69386F771B5F89C700F0DB47 /* PaymentGatewayTests.xctest */;
			productType = "com.apple.product-type.bundle.unit-test";
		};
/* End PBXNativeTarget section */

/* Begin PBXProject section */
		69386F561B5F89C600F0DB47 /* Project object */ = {
			isa = PBXProject;
			attributes = {
				LastUpgradeCheck = 0640;
				ORGANIZATIONNAME = Suraj;
				TargetAttributes = {
					69386F5D1B5F89C600F0DB47 = {
						CreatedOnToolsVersion = 6.4;
					};
					69386F761B5F89C700F0DB47 = {
						CreatedOnToolsVersion = 6.4;
						TestTargetID = 69386F5D1B5F89C600F0DB47;
					};
				};
			};
			buildConfigurationList = 69386F591B5F89C600F0DB47 /* Build configuration list for PBXProject "PaymentGateway" */;
			compatibilityVersion = "Xcode 3.2";
			developmentRegion = English;
			hasScannedForEncodings = 0;
			knownRegions = (
				en,
				Base,
			);
			mainGroup = 69386F551B5F89C600F0DB47;
			productRefGroup = 69386F5F1B5F89C600F0DB47 /* Products */;
			projectDirPath = "";
			projectRoot = "";
			targets = (
				69386F5D1B5F89C600F0DB47 /* PaymentGateway */,
				69386F761B5F89C700F0DB47 /* PaymentGatewayTests */,
			);
		};
/* End PBXProject section */

/* Begin PBXResourcesBuildPhase section */
		69386F5C1B5F89C600F0DB47 /* Resources */ = {
			isa = PBXResourcesBuildPhase;
			buildActionMask = 2147483647;
			files = (
				69386F6D1B5F89C700F0DB47 /* Main.storyboard in Resources */,
				69386F721B5F89C700F0DB47 /* LaunchScreen.xib in Resources */,
				69386F6F1B5F89C700F0DB47 /* Images.xcassets in Resources */,
			);
			runOnlyForDeploymentPostprocessing = 0;
		};
		69386F751B5F89C700F0DB47 /* Resources */ = {
			isa = PBXResourcesBuildPhase;
			buildActionMask = 2147483647;
			files = (
			);
			runOnlyForDeploymentPostprocessing = 0;
		};
/* End PBXResourcesBuildPhase section */

/* Begin PBXSourcesBuildPhase section */
		69386F5A1B5F89C600F0DB47 /* Sources */ = {
			isa = PBXSourcesBuildPhase;
			buildActionMask = 2147483647;
			files = (
				69386F6A1B5F89C600F0DB47 /* ViewController.m in Sources */,
				69386F671B5F89C600F0DB47 /* AppDelegate.m in Sources */,
				69386F641B5F89C600F0DB47 /* main.m in Sources */,
			);
			runOnlyForDeploymentPostprocessing = 0;
		};
		69386F731B5F89C700F0DB47 /* Sources */ = {
			isa = PBXSourcesBuildPhase;
			buildActionMask = 2147483647;
			files = (
				69386F7E1B5F89C700F0DB47 /* PaymentGatewayTests.m in Sources */,
			);
			runOnlyForDeploymentPostprocessing = 0;
		};
/* End PBXSourcesBuildPhase section */

/* Begin PBXTargetDependency section */
		69386F791B5F89C700F0DB47 /* PBXTargetDependency */ = {
			isa = PBXTargetDependency;
			target = 69386F5D1B5F89C600F0DB47 /* PaymentGateway */;
			targetProxy = 69386F781B5F89C700F0DB47 /* PBXContainerItemProxy */;
		};
/* End PBXTargetDependency section */

/* Begin PBXVariantGroup section */
		69386F6B1B5F89C700F0DB47 /* Main.storyboard */ = {
			isa = PBXVariantGroup;
			children = (
				69386F6C1B5F89C700F0DB47 /* Base */,
			);
			name = Main.storyboard;
			sourceTree = "<group>";
		};
		69386F701B5F89C700F0DB47 /* LaunchScreen.xib */ = {
			isa = PBXVariantGroup;
			children = (
				69386F711B5F89C700F0DB47 /* Base */,
			);
			name = LaunchScreen.xib;
			sourceTree = "<group>";
		};
/* End PBXVariantGroup section */

/* Begin XCBuildConfiguration section */
		69386F7F1B5F89C700F0DB47 /* Debug */ = {
			isa = XCBuildConfiguration;
			buildSettings = {
				ALWAYS_SEARCH_USER_PATHS = NO;
				CLANG_CXX_LANGUAGE_STANDARD = "gnu++0x";
				CLANG_CXX_LIBRARY = "libc++";
				CLANG_ENABLE_MODULES = YES;
				CLANG_ENABLE_OBJC_ARC = YES;
				CLANG_WARN_BOOL_CONVERSION = YES;
				CLANG_WARN_CONSTANT_CONVERSION = YES;
				CLANG_WARN_DIRECT_OBJC_ISA_USAGE = YES_ERROR;
				CLANG_WARN_EMPTY_BODY = YES;
				CLANG_WARN_ENUM_CONVERSION = YES;
				CLANG_WARN_INT_CONVERSION = YES;
				CLANG_WARN_OBJC_ROOT_CLASS = YES_ERROR;
				CLANG_WARN_UNREACHABLE_CODE = YES;
				CLANG_WARN__DUPLICATE_METHOD_MATCH = YES;
				"CODE_SIGN_IDENTITY[sdk=iphoneos*]" = "iPhone Developer";
				COPY_PHASE_STRIP = NO;
				DEBUG_INFORMATION_FORMAT = "dwarf-with-dsym";
				ENABLE_STRICT_OBJC_MSGSEND = YES;
				GCC_C_LANGUAGE_STANDARD = gnu99;
				GCC_DYNAMIC_NO_PIC = NO;
				GCC_NO_COMMON_BLOCKS = YES;
				GCC_OPTIMIZATION_LEVEL = 0;
				GCC_PREPROCESSOR_DEFINITIONS = (
					"DEBUG=1",
					"$(inherited)",
				);
				GCC_SYMBOLS_PRIVATE_EXTERN = NO;
				GCC_WARN_64_TO_32_BIT_CONVERSION = YES;
				GCC_WARN_ABOUT_RETURN_TYPE = YES_ERROR;
				GCC_WARN_UNDECLARED_SELECTOR = YES;
				GCC_WARN_UNINITIALIZED_AUTOS = YES_AGGRESSIVE;
				GCC_WARN_UNUSED_FUNCTION = YES;
				GCC_WARN_UNUSED_VARIABLE = YES;
				IPHONEOS_DEPLOYMENT_TARGET = 8.4;
				MTL_ENABLE_DEBUG_INFO = YES;
				ONLY_ACTIVE_ARCH = YES;
				SDKROOT = iphoneos;
			};
			name = Debug;
		};
		69386F801B5F89C700F0DB47 /* Release */ = {
			isa = XCBuildConfiguration;
			buildSettings = {
				ALWAYS_SEARCH_USER_PATHS = NO;
				CLANG_CXX_LANGUAGE_STANDARD = "gnu++0x";
				CLANG_CXX_LIBRARY = "libc++";
				CLANG_ENABLE_MODULES = YES;
				CLANG_ENABLE_OBJC_ARC = YES;
				CLANG_WARN_BOOL_CONVERSION = YES;
				CLANG_WARN_CONSTANT_CONVERSION = YES;
				CLANG_WARN_DIRECT_OBJC_ISA_USAGE = YES_ERROR;
				CLANG_WARN_EMPTY_BODY = YES;
				CLANG_WARN_ENUM_CONVERSION = YES;
				CLANG_WARN_INT_CONVERSION = YES;
				CLANG_WARN_OBJC_ROOT_CLASS = YES_ERROR;
				CLANG_WARN_UNREACHABLE_CODE = YES;
				CLANG_WARN__DUPLICATE_METHOD_MATCH = YES;
				"CODE_SIGN_IDENTITY[sdk=iphoneos*]" = "iPhone Developer";
				COPY_PHASE_STRIP = NO;
				DEBUG_INFORMATION_FORMAT = "dwarf-with-dsym";
				ENABLE_NS_ASSERTIONS = NO;
				ENABLE_STRICT_OBJC_MSGSEND = YES;
				GCC_C_LANGUAGE_STANDARD = gnu99;
				GCC_NO_COMMON_BLOCKS = YES;
				GCC_WARN_64_TO_32_BIT_CONVERSION = YES;
				GCC_WARN_ABOUT_RETURN_TYPE = YES_ERROR;
				GCC_WARN_UNDECLARED_SELECTOR = YES;
				GCC_WARN_UNINITIALIZED_AUTOS = YES_AGGRESSIVE;
				GCC_WARN_UNUSED_FUNCTION = YES;
				GCC_WARN_UNUSED_VARIABLE = YES;
				IPHONEOS_DEPLOYMENT_TARGET = 8.4;
				MTL_ENABLE_DEBUG_INFO = NO;
				SDKROOT = iphoneos;
				VALIDATE_PRODUCT = YES;
			};
			name = Release;
		};
		69386F821B5F89C700F0DB47 /* Debug */ = {
			isa = XCBuildConfiguration;
			buildSettings = {
				ASSETCATALOG_COMPILER_APPICON_NAME = AppIcon;
				INFOPLIST_FILE = PaymentGateway/Info.plist;
				LD_RUNPATH_SEARCH_PATHS = "$(inherited) @executable_path/Frameworks";
				PRODUCT_NAME = "$(TARGET_NAME)";
			};
			name = Debug;
		};
		69386F831B5F89C700F0DB47 /* Release */ = {
			isa = XCBuildConfiguration;
			buildSettings = {
				ASSETCATALOG_COMPILER_APPICON_NAME = AppIcon;
				INFOPLIST_FILE = PaymentGateway/Info.plist;
				LD_RUNPATH_SEARCH_PATHS = "$(inherited) @executable_path/Frameworks";
				PRODUCT_NAME = "$(TARGET_NAME)";
			};
			name = Release;
		};
		69386F851B5F89C700F0DB47 /* Debug */ = {
			isa = XCBuildConfiguration;
			buildSettings = {
				BUNDLE_LOADER = "$(TEST_HOST)";
				FRAMEWORK_SEARCH_PATHS = (
					"$(SDKROOT)/Developer/Library/Frameworks",
					"$(inherited)",
				);
				GCC_PREPROCESSOR_DEFINITIONS = (
					"DEBUG=1",
					"$(inherited)",
				);
				INFOPLIST_FILE = PaymentGatewayTests/Info.plist;
				LD_RUNPATH_SEARCH_PATHS = "$(inherited) @executable_path/Frameworks @loader_path/Frameworks";
				PRODUCT_NAME = "$(TARGET_NAME)";
				TEST_HOST = "$(BUILT_PRODUCTS_DIR)/PaymentGateway.app/PaymentGateway";
			};
			name = Debug;
		};
		69386F861B5F89C700F0DB47 /* Release */ = {
			isa = XCBuildConfiguration;
			buildSettings = {
				BUNDLE_LOADER = "$(TEST_HOST)";
				FRAMEWORK_SEARCH_PATHS = (
					"$(SDKROOT)/Developer/Library/Frameworks",
					"$(inherited)",
				);
				INFOPLIST_FILE = PaymentGatewayTests/Info.plist;
				LD_RUNPATH_SEARCH_PATHS = "$(inherited) @executable_path/Frameworks @loader_path/Frameworks";
				PRODUCT_NAME = "$(TARGET_NAME)";
				TEST_HOST = "$(BUILT_PRODUCTS_DIR)/PaymentGateway.app/PaymentGateway";
			};
			name = Release;
		};
/* End XCBuildConfiguration section */

/* Begin XCConfigurationList section */
		69386F591B5F89C600F0DB47 /* Build configuration list for PBXProject "PaymentGateway" */ = {
			isa = XCConfigurationList;
			buildConfigurations = (
				69386F7F1B5F89C700F0DB47 /* Debug */,
				69386F801B5F89C700F0DB47 /* Release */,
			);
			defaultConfigurationIsVisible = 0;
			defaultConfigurationName = Release;
		};
		69386F811B5F89C700F0DB47 /* Build configuration list for PBXNativeTarget "PaymentGateway" */ = {
			isa = XCConfigurationList;
			buildConfigurations = (
				69386F821B5F89C700F0DB47 /* Debug */,
				69386F831B5F89C700F0DB47 /* Release */,
			);
			defaultConfigurationIsVisible = 0;
		};
		69386F841B5F89C700F0DB47 /* Build configuration list for PBXNativeTarget "PaymentGatewayTests" */ = {
			isa = XCConfigurationList;
			buildConfigurations = (
				69386F851B5F89C700F0DB47 /* Debug */,
				69386F861B5F89C700F0DB47 /* Release */,
			);
			defaultConfigurationIsVisible = 0;
		};
/* End XCConfigurationList section */
	};
	rootObject = 69386F561B5F89C600F0DB47 /* Project object */;
}
